<?xml version="1.0" encoding="utf-8"?>
<Project ToolsVersion="4.0" xmlns="http://schemas.microsoft.com/developer/msbuild/2003">
  <ItemGroup>
    <Filter Include="Source Files">
      <UniqueIdentifier>{4FC737F1-C7A5-4376-A066-2A32D752A2FF}</UniqueIdentifier>
      <Extensions>cpp;c;cc;cxx;def;odl;idl;hpj;bat;asm;asmx</Extensions>
    </Filter>
    <Filter Include="Header Files">
      <UniqueIdentifier>{93995380-89BD-4b04-88EB-625FBE52EBFB}</UniqueIdentifier>
      <Extensions>h;hh;hpp;hxx;hm;inl;inc;xsd</Extensions>
    </Filter>
    <Filter Include="Resource Files">
      <UniqueIdentifier>{67DA6AB6-F800-4c08-8B7A-83BB121AAD01}</UniqueIdentifier>
      <Extensions>rc;ico;cur;bmp;dlg;rc2;rct;bin;rgs;gif;jpg;jpeg;jpe;resx;tiff;tif;png;wav;mfcribbon-ms</Extensions>
    </Filter>
    <Filter Include="Header Files\IOModule">
      <UniqueIdentifier>{2619efa6-0b73-4e04-b0cd-00598c2e5676}</UniqueIdentifier>
    </Filter>
    <Filter Include="Source Files\IOModule">
      <UniqueIdentifier>{dc30f480-055a-45aa-977c-d9cb7ee19d6d}</UniqueIdentifier>
    </Filter>
    <Filter Include="Source Files\Tests">
      <UniqueIdentifier>{d211e0f4-a2d8-4e16-8550-753c9a27bff7}</UniqueIdentifier>
    </Filter>
    <Filter Include="Header Files\Core">
      <UniqueIdentifier>{dc35f255-df17-4192-af1f-ad83e17c12db}</UniqueIdentifier>
    </Filter>
  </ItemGroup>
  <ItemGroup>
    <ClCompile Include="main.cpp">
      <Filter>Source Files</Filter>
    </ClCompile>
    <ClCompile Include="IOModule\Window.cpp">
      <Filter>Source Files\IOModule</Filter>
    </ClCompile>
    <ClCompile Include="IOModule\GraphObject.cpp">
      <Filter>Source Files\IOModule</Filter>
    </ClCompile>
    <ClCompile Include="IOModule\Texture.cpp">
      <Filter>Source Files\IOModule</Filter>
    </ClCompile>
    <ClCompile Include="IOModule\Image.cpp">
      <Filter>Source Files\IOModule</Filter>
    </ClCompile>
    <ClCompile Include="IOModule\MultipleGraph.cpp">
      <Filter>Source Files\IOModule</Filter>
    </ClCompile>
    <ClCompile Include="Tests\Test1.cpp">
      <Filter>Source Files\Tests</Filter>
    </ClCompile>
    <ClCompile Include="Tests\Test2.cpp">
      <Filter>Source Files\Tests</Filter>
    </ClCompile>
    <ClCompile Include="Tests\Test3.cpp">
      <Filter>Source Files\Tests</Filter>
    </ClCompile>
    <ClCompile Include="Tests\Test4.cpp">
      <Filter>Source Files\Tests</Filter>
    </ClCompile>
    <ClCompile Include="Tests\Test5.cpp">
      <Filter>Source Files\Tests</Filter>
    </ClCompile>
    <ClCompile Include="Tests\Test6.cpp">
      <Filter>Source Files\Tests</Filter>
    </ClCompile>
    <ClCompile Include="Tests\Tests.cpp">
      <Filter>Source Files\Tests</Filter>
    </ClCompile>
    <ClCompile Include="IOModule\Sounds.cpp">
      <Filter>Source Files\IOModule</Filter>
    </ClCompile>
    <ClCompile Include="MemGuard.cpp">
      <Filter>Source Files</Filter>
    </ClCompile>
    <ClCompile Include="IOModule\Sound.cpp">
      <Filter>Source Files\IOModule</Filter>
    </ClCompile>
  </ItemGroup>
  <ItemGroup>
    <ClInclude Include="stdafx.h">
      <Filter>Header Files</Filter>
    </ClInclude>
    <ClInclude Include="IOModule\Window.h">
      <Filter>Header Files\IOModule</Filter>
    </ClInclude>
    <ClInclude Include="IOModule\Interfaces.h">
      <Filter>Header Files\IOModule</Filter>
    </ClInclude>
    <ClInclude Include="IOModule\GraphObject.h">
      <Filter>Header Files\IOModule</Filter>
    </ClInclude>
    <ClInclude Include="IOModule\Texture.h">
      <Filter>Header Files\IOModule</Filter>
    </ClInclude>
    <ClInclude Include="IOModule\Image.h">
      <Filter>Header Files\IOModule</Filter>
    </ClInclude>
    <ClInclude Include="IOModule\Types.h">
      <Filter>Header Files\IOModule</Filter>
    </ClInclude>
    <ClInclude Include="IOModule\MultipleGraph.h">
      <Filter>Header Files\IOModule</Filter>
    </ClInclude>
    <ClInclude Include="Tests\Tests.h">
      <Filter>Source Files\Tests</Filter>
    </ClInclude>
    <ClInclude Include="Core\Types.h">
      <Filter>Header Files\Core</Filter>
    </ClInclude>
    <ClInclude Include="IOModule\Events.h">
      <Filter>Header Files\IOModule</Filter>
    </ClInclude>
    <ClInclude Include="Core\Events.h">
      <Filter>Header Files\Core</Filter>
    </ClInclude>
    <ClInclude Include="Core\Events.hpp">
      <Filter>Header Files\Core</Filter>
    </ClInclude>
    <ClInclude Include="IOModule\Sound.h">
      <Filter>Header Files\IOModule</Filter>
    </ClInclude>
    <ClInclude Include="IOModule\Sounds.h">
      <Filter>Header Files\IOModule</Filter>
    </ClInclude>
    <ClInclude Include="MemGuard.h">
      <Filter>Header Files</Filter>
    </ClInclude>
  </ItemGroup>
  <ItemGroup>
    <None Include="IOModule\README.md">
      <Filter>Header Files\IOModule</Filter>
    </None>
  </ItemGroup>
  <ItemGroup>
    <Image Include="image.png">
      <Filter>Resource Files</Filter>
    </Image>
    <Image Include="..\Img2.jpg">
      <Filter>Resource Files</Filter>
    </Image>
  </ItemGroup>
</Project>